
Microsoft Visual Studio Solution File, Format Version 12.00
# Visual Studio Version 16
VisualStudioVersion = 16.0.30011.22
MinimumVisualStudioVersion = 10.0.40219.1
Project("{FAE04EC0-301F-11D3-BF4B-00C04F79EFBC}") = "Lab_01", "Lab_01.csproj", "{58EEF1E2-0C11-4AF5-AF16-CF67FCE822E1}"
EndProject
Global
	GlobalSection(SolutionConfigurationPlatforms) = preSolution
		Debug|Any CPU = Debug|Any CPU
		Release|Any CPU = Release|Any CPU
	EndGlobalSection
	GlobalSection(ProjectConfigurationPlatforms) = postSolution
		{58EEF1E2-0C11-4AF5-AF16-CF67FCE822E1}.Debug|Any CPU.ActiveCfg = Debug|Any CPU
		{58EEF1E2-0C11-4AF5-AF16-CF67FCE822E1}.Debug|Any CPU.Build.0 = Debug|Any CPU
		{58EEF1E2-0C11-4AF5-AF16-CF67FCE822E1}.Release|Any CPU.ActiveCfg = Release|Any CPU
		{58EEF1E2-0C11-4AF5-AF16-CF67FCE822E1}.Release|Any CPU.Build.0 = Release|Any CPU
	EndGlobalSection
	GlobalSection(SolutionProperties) = preSolution
		HideSolutionNode = FALSE
	EndGlobalSection
	GlobalSection(ExtensibilityGlobals) = postSolution
		SolutionGuid = {C0E2FD3B-0D1D-4E59-AA9E-D6CD5BBFC684}
	EndGlobalSection
EndGlobal
